
Microsoft Visual Studio Solution File, Format Version 12.00
# Visual Studio 2017
Project("{FAE04EC0-301F-11D3-BF4B-00C04F79EFBC}") = "The best pong", "The best pong.csproj", "{EFED15B1-21E6-0A2D-1E8D-C5F32D3CB581}"
EndProject
Global
	GlobalSection(SolutionConfigurationPlatforms) = preSolution
		Debug|Any CPU = Debug|Any CPU
		Release|Any CPU = Release|Any CPU
	EndGlobalSection
	GlobalSection(ProjectConfigurationPlatforms) = postSolution
		{EFED15B1-21E6-0A2D-1E8D-C5F32D3CB581}.Debug|Any CPU.ActiveCfg = Debug|Any CPU
		{EFED15B1-21E6-0A2D-1E8D-C5F32D3CB581}.Debug|Any CPU.Build.0 = Debug|Any CPU
		{EFED15B1-21E6-0A2D-1E8D-C5F32D3CB581}.Release|Any CPU.ActiveCfg = Release|Any CPU
		{EFED15B1-21E6-0A2D-1E8D-C5F32D3CB581}.Release|Any CPU.Build.0 = Release|Any CPU
	EndGlobalSection
	GlobalSection(SolutionProperties) = preSolution
		HideSolutionNode = FALSE
	EndGlobalSection
EndGlobal
